// !$*UTF8*$!
{
	archiveVersion = 1;
	classes = {
	};
	objectVersion = 56;
	objects = {

/* Begin PBXBuildFile section */
		A00000000000000000000021 /* CodexLocalApp.swift in Sources */ = {isa = PBXBuildFile; fileRef = A00000000000000000000011 /* CodexLocalApp.swift */; };
		A00000000000000000000022 /* AppModel.swift in Sources */ = {isa = PBXBuildFile; fileRef = A00000000000000000000012 /* AppModel.swift */; };
		A00000000000000000000023 /* Models.swift in Sources */ = {isa = PBXBuildFile; fileRef = A00000000000000000000013 /* Models.swift */; };
		A00000000000000000000024 /* Services.swift in Sources */ = {isa = PBXBuildFile; fileRef = A00000000000000000000014 /* Services.swift */; };
		A00000000000000000000025 /* Engine.swift in Sources */ = {isa = PBXBuildFile; fileRef = A00000000000000000000015 /* Engine.swift */; };
		A00000000000000000000026 /* FoundationModelsIntegration.swift in Sources */ = {isa = PBXBuildFile; fileRef = A00000000000000000000016 /* FoundationModelsIntegration.swift */; };
		A00000000000000000000027 /* Views.swift in Sources */ = {isa = PBXBuildFile; fileRef = A00000000000000000000017 /* Views.swift */; };
		A00000000000000000000028 /* Assets.xcassets in Resources */ = {isa = PBXBuildFile; fileRef = A00000000000000000000018 /* Assets.xcassets */; };
/* End PBXBuildFile section */

/* Begin PBXFileReference section */
		A0000000000000000000000A /* CodexLocal.app */ = {isa = PBXFileReference; explicitFileType = wrapper.application; includeInIndex = 0; path = CodexLocal.app; sourceTree = BUILT_PRODUCTS_DIR; };
		A00000000000000000000011 /* CodexLocalApp.swift */ = {isa = PBXFileReference; lastKnownFileType = sourcecode.swift; path = CodexLocalApp.swift; sourceTree = "<group>"; };
		A00000000000000000000012 /* AppModel.swift */ = {isa = PBXFileReference; lastKnownFileType = sourcecode.swift; path = AppModel.swift; sourceTree = "<group>"; };
		A00000000000000000000013 /* Models.swift */ = {isa = PBXFileReference; lastKnownFileType = sourcecode.swift; path = Models.swift; sourceTree = "<group>"; };
		A00000000000000000000014 /* Services.swift */ = {isa = PBXFileReference; lastKnownFileType = sourcecode.swift; path = Services.swift; sourceTree = "<group>"; };
		A00000000000000000000015 /* Engine.swift */ = {isa = PBXFileReference; lastKnownFileType = sourcecode.swift; path = Engine.swift; sourceTree = "<group>"; };
		A00000000000000000000016 /* FoundationModelsIntegration.swift */ = {isa = PBXFileReference; lastKnownFileType = sourcecode.swift; path = FoundationModelsIntegration.swift; sourceTree = "<group>"; };
		A00000000000000000000017 /* Views.swift */ = {isa = PBXFileReference; lastKnownFileType = sourcecode.swift; path = Views.swift; sourceTree = "<group>"; };
		A00000000000000000000018 /* Assets.xcassets */ = {isa = PBXFileReference; lastKnownFileType = folder.assetcatalog; path = Assets.xcassets; sourceTree = "<group>"; };
		A00000000000000000000019 /* README.md */ = {isa = PBXFileReference; lastKnownFileType = net.daringfireball.markdown; path = README.md; sourceTree = "<group>"; };
/* End PBXFileReference section */

/* Begin PBXFrameworksBuildPhase section */
		A00000000000000000000006 /* Frameworks */ = {
			isa = PBXFrameworksBuildPhase;
			buildActionMask = 2147483647;
			files = (
			);
			runOnlyForDeploymentPostprocessing = 0;
		};
/* End PBXFrameworksBuildPhase section */

/* Begin PBXGroup section */
		A00000000000000000000003 = {
			isa = PBXGroup;
			children = (
				A00000000000000000000031 /* CodexLocal */,
				A00000000000000000000019 /* README.md */,
				A00000000000000000000004 /* Products */,
			);
			sourceTree = "<group>";
		};
		A00000000000000000000004 /* Products */ = {
			isa = PBXGroup;
			children = (
				A0000000000000000000000A /* CodexLocal.app */,
			);
			name = Products;
			sourceTree = "<group>";
		};
		A00000000000000000000031 /* CodexLocal */ = {
			isa = PBXGroup;
			children = (
				A00000000000000000000011 /* CodexLocalApp.swift */,
				A00000000000000000000012 /* AppModel.swift */,
				A00000000000000000000013 /* Models.swift */,
				A00000000000000000000014 /* Services.swift */,
				A00000000000000000000015 /* Engine.swift */,
				A00000000000000000000016 /* FoundationModelsIntegration.swift */,
				A00000000000000000000017 /* Views.swift */,
				A00000000000000000000018 /* Assets.xcassets */,
			);
			path = CodexLocal;
			sourceTree = "<group>";
		};
/* End PBXGroup section */

/* Begin PBXNativeTarget section */
		A00000000000000000000001 /* CodexLocal */ = {
			isa = PBXNativeTarget;
			buildConfigurationList = A00000000000000000000009 /* Build configuration list for PBXNativeTarget "CodexLocal" */;
			buildPhases = (
				A00000000000000000000005 /* Sources */,
				A00000000000000000000006 /* Frameworks */,
				A00000000000000000000007 /* Resources */,
			);
			buildRules = (
			);
			dependencies = (
			);
			name = CodexLocal;
			productName = CodexLocal;
			productReference = A0000000000000000000000A /* CodexLocal.app */;
			productType = "com.apple.product-type.application";
		};
/* End PBXNativeTarget section */

/* Begin PBXProject section */
		A00000000000000000000002 /* Project object */ = {
			isa = PBXProject;
			attributes = {
				BuildIndependentTargetsInParallel = 1;
				LastSwiftUpdateCheck = 2600;
				LastUpgradeCheck = 2600;
				TargetAttributes = {
					A00000000000000000000001 = {
						CreatedOnToolsVersion = 26.0;
					};
				};
			};
			buildConfigurationList = A00000000000000000000008 /* Build configuration list for PBXProject "CodexLocal" */;
			compatibilityVersion = "Xcode 15.0";
			developmentRegion = en;
			hasScannedForEncodings = 0;
			knownRegions = (
				en,
				Base,
			);
			mainGroup = A00000000000000000000003;
			productRefGroup = A00000000000000000000004 /* Products */;
			projectDirPath = "";
			projectRoot = "";
			targets = (
				A00000000000000000000001 /* CodexLocal */,
			);
		};
/* End PBXProject section */

/* Begin PBXResourcesBuildPhase section */
		A00000000000000000000007 /* Resources */ = {
			isa = PBXResourcesBuildPhase;
			buildActionMask = 2147483647;
			files = (
				A00000000000000000000028 /* Assets.xcassets in Resources */,
			);
			runOnlyForDeploymentPostprocessing = 0;
		};
/* End PBXResourcesBuildPhase section */

/* Begin PBXSourcesBuildPhase section */
		A00000000000000000000005 /* Sources */ = {
			isa = PBXSourcesBuildPhase;
			buildActionMask = 2147483647;
			files = (
				A00000000000000000000021 /* CodexLocalApp.swift in Sources */,
				A00000000000000000000022 /* AppModel.swift in Sources */,
				A00000000000000000000023 /* Models.swift in Sources */,
				A00000000000000000000024 /* Services.swift in Sources */,
				A00000000000000000000025 /* Engine.swift in Sources */,
				A00000000000000000000026 /* FoundationModelsIntegration.swift in Sources */,
				A00000000000000000000027 /* Views.swift in Sources */,
			);
			runOnlyForDeploymentPostprocessing = 0;
		};
/* End PBXSourcesBuildPhase section */

/* Begin XCBuildConfiguration section */
		A00000000000000000000041 /* Debug */ = {
			isa = XCBuildConfiguration;
			buildSettings = {
				ALWAYS_SEARCH_USER_PATHS = NO;
				CLANG_ENABLE_MODULES = YES;
				CLANG_ENABLE_OBJC_ARC = YES;
				ENABLE_STRICT_OBJC_MSGSEND = YES;
				GCC_C_LANGUAGE_STANDARD = gnu17;
				GENERATE_INFOPLIST_FILE = YES;
				IPHONEOS_DEPLOYMENT_TARGET = 26.0;
				SDKROOT = iphoneos;
				SUPPORTED_PLATFORMS = "iphoneos iphonesimulator";
				SWIFT_VERSION = 6.0;
			};
			name = Debug;
		};
		A00000000000000000000042 /* Release */ = {
			isa = XCBuildConfiguration;
			buildSettings = {
				ALWAYS_SEARCH_USER_PATHS = NO;
				CLANG_ENABLE_MODULES = YES;
				CLANG_ENABLE_OBJC_ARC = YES;
				ENABLE_STRICT_OBJC_MSGSEND = YES;
				GCC_C_LANGUAGE_STANDARD = gnu17;
				GENERATE_INFOPLIST_FILE = YES;
				IPHONEOS_DEPLOYMENT_TARGET = 26.0;
				SDKROOT = iphoneos;
				SUPPORTED_PLATFORMS = "iphoneos iphonesimulator";
				SWIFT_VERSION = 6.0;
			};
			name = Release;
		};
		A00000000000000000000043 /* Debug */ = {
			isa = XCBuildConfiguration;
			buildSettings = {
				ASSETCATALOG_COMPILER_APPICON_NAME = AppIcon;
				CODE_SIGN_STYLE = Automatic;
				CURRENT_PROJECT_VERSION = 1;
				DEVELOPMENT_TEAM = "";
				ENABLE_PREVIEWS = YES;
				GENERATE_INFOPLIST_FILE = YES;
				INFOPLIST_KEY_CFBundleDisplayName = CodexLocal;
				IPHONEOS_DEPLOYMENT_TARGET = 26.0;
				LD_RUNPATH_SEARCH_PATHS = (
					"$(inherited)",
					"@executable_path/Frameworks",
				);
				MARKETING_VERSION = 1.0;
				PRODUCT_BUNDLE_IDENTIFIER = dev.local.CodexLocal;
				PRODUCT_NAME = "$(TARGET_NAME)";
				SDKROOT = iphoneos;
				SUPPORTED_PLATFORMS = "iphoneos iphonesimulator";
				SWIFT_EMIT_LOC_STRINGS = YES;
				SWIFT_VERSION = 6.0;
				TARGETED_DEVICE_FAMILY = "1,2";
			};
			name = Debug;
		};
		A00000000000000000000044 /* Release */ = {
			isa = XCBuildConfiguration;
			buildSettings = {
				ASSETCATALOG_COMPILER_APPICON_NAME = AppIcon;
				CODE_SIGN_STYLE = Automatic;
				CURRENT_PROJECT_VERSION = 1;
				DEVELOPMENT_TEAM = "";
				ENABLE_PREVIEWS = YES;
				GENERATE_INFOPLIST_FILE = YES;
				INFOPLIST_KEY_CFBundleDisplayName = CodexLocal;
				IPHONEOS_DEPLOYMENT_TARGET = 26.0;
				LD_RUNPATH_SEARCH_PATHS = (
					"$(inherited)",
					"@executable_path/Frameworks",
				);
				MARKETING_VERSION = 1.0;
				PRODUCT_BUNDLE_IDENTIFIER = dev.local.CodexLocal;
				PRODUCT_NAME = "$(TARGET_NAME)";
				SDKROOT = iphoneos;
				SUPPORTED_PLATFORMS = "iphoneos iphonesimulator";
				SWIFT_EMIT_LOC_STRINGS = YES;
				SWIFT_VERSION = 6.0;
				TARGETED_DEVICE_FAMILY = "1,2";
			};
			name = Release;
		};
/* End XCBuildConfiguration section */

/* Begin XCConfigurationList section */
		A00000000000000000000008 /* Build configuration list for PBXProject "CodexLocal" */ = {
			isa = XCConfigurationList;
			buildConfigurations = (
				A00000000000000000000041 /* Debug */,
				A00000000000000000000042 /* Release */,
			);
			defaultConfigurationIsVisible = 0;
			defaultConfigurationName = Release;
		};
		A00000000000000000000009 /* Build configuration list for PBXNativeTarget "CodexLocal" */ = {
			isa = XCConfigurationList;
			buildConfigurations = (
				A00000000000000000000043 /* Debug */,
				A00000000000000000000044 /* Release */,
			);
			defaultConfigurationIsVisible = 0;
			defaultConfigurationName = Release;
		};
/* End XCConfigurationList section */
	};
	rootObject = A00000000000000000000002 /* Project object */;
}
